
Microsoft Visual Studio Solution File, Format Version 11.00
# Visual Studio 2010
Project("{FAE04EC0-301F-11D3-BF4B-00C04F79EFBC}") = "BiddingApp", "BiddingApp\BiddingApp.csproj", "{CFFEE4B5-FEF4-4FBE-B44C-EBE340C00A2B}"
EndProject
Global
	GlobalSection(SolutionConfigurationPlatforms) = preSolution
		Debug|Any CPU = Debug|Any CPU
		Release|Any CPU = Release|Any CPU
	EndGlobalSection
	GlobalSection(ProjectConfigurationPlatforms) = postSolution
		{CFFEE4B5-FEF4-4FBE-B44C-EBE340C00A2B}.Debug|Any CPU.ActiveCfg = Debug|Any CPU
		{CFFEE4B5-FEF4-4FBE-B44C-EBE340C00A2B}.Debug|Any CPU.Build.0 = Debug|Any CPU
		{CFFEE4B5-FEF4-4FBE-B44C-EBE340C00A2B}.Release|Any CPU.ActiveCfg = Release|Any CPU
		{CFFEE4B5-FEF4-4FBE-B44C-EBE340C00A2B}.Release|Any CPU.Build.0 = Release|Any CPU
	EndGlobalSection
	GlobalSection(SolutionProperties) = preSolution
		HideSolutionNode = FALSE
	EndGlobalSection
EndGlobal
